
Microsoft Visual Studio Solution File, Format Version 12.00
# Visual Studio 15
VisualStudioVersion = 15.0.35116.124
MinimumVisualStudioVersion = 10.0.40219.1
Project("{FAE04EC0-301F-11D3-BF4B-00C04F79EFBC}") = "trabalho", "trabalho\trabalho.csproj", "{1145C36F-458D-4663-BC01-DAF6A79B8687}"
EndProject
Global
	GlobalSection(SolutionConfigurationPlatforms) = preSolution
		Debug|Any CPU = Debug|Any CPU
		Release|Any CPU = Release|Any CPU
	EndGlobalSection
	GlobalSection(ProjectConfigurationPlatforms) = postSolution
		{1145C36F-458D-4663-BC01-DAF6A79B8687}.Debug|Any CPU.ActiveCfg = Debug|Any CPU
		{1145C36F-458D-4663-BC01-DAF6A79B8687}.Debug|Any CPU.Build.0 = Debug|Any CPU
		{1145C36F-458D-4663-BC01-DAF6A79B8687}.Release|Any CPU.ActiveCfg = Release|Any CPU
		{1145C36F-458D-4663-BC01-DAF6A79B8687}.Release|Any CPU.Build.0 = Release|Any CPU
	EndGlobalSection
	GlobalSection(SolutionProperties) = preSolution
		HideSolutionNode = FALSE
	EndGlobalSection
	GlobalSection(ExtensibilityGlobals) = postSolution
		SolutionGuid = {22F441E3-ED5C-4AED-B7C0-C539C320A2D0}
	EndGlobalSection
EndGlobal
